{
    "_readme": [
        "This file locks the dependencies of your project to a known state",
        "Read more about it at https://getcomposer.org/doc/01-basic-usage.md#installing-dependencies",
        "This file is @generated automatically"
    ],
    "content-hash": "8dc787387af41fdd619e448d59348e76",
    "packages": [
        {
            "name": "pacificdev/laravel_9_preset",
            "version": "1.1.1",
            "source": {
                "type": "git",
                "url": "https://github.com/fabiopacificicom/laravel-9-preset.git",
                "reference": "984848f4e7f3855eade53759a91bc3f769a0e308"
            },
            "dist": {
                "type": "zip",
                "url": "https://api.github.com/repos/fabiopacificicom/laravel-9-preset/zipball/984848f4e7f3855eade53759a91bc3f769a0e308",
                "reference": "984848f4e7f3855eade53759a91bc3f769a0e308",
                "shasum": ""
            },
            "type": "library",
            "extra": {
                "laravel": {
                    "providers": [
                        "PacificDev\\Laravel9Preset\\PacificDevServiceProvider"
                    ]
                }
            },
            "autoload": {
                "psr-4": {
                    "PacificDev\\Laravel9Preset\\": "src/",
                    "PacificDev\\Laravel9Preset\\Commands\\": "src/Commands/"
                }
            },
            "notification-url": "https://packagist.org/downloads/",
            "license": [
                "MIT"
            ],
            "authors": [
                {
                    "name": "fbhood",
                    "email": "mail@fabiopacifici.com"
                }
            ],
            "description": "Default preset for laravel 9 with bootstrap",
            "keywords": [
                "laravel",
                "preset"
            ],
            "support": {
                "issues": "https://github.com/fabiopacificicom/laravel-9-preset/issues",
                "source": "https://github.com/fabiopacificicom/laravel-9-preset/tree/1.1.1"
            },
            "time": "2023-03-06T15:11:18+00:00"
        }
    ],
    "packages-dev": [],
    "aliases": [],
    "minimum-stability": "stable",
    "stability-flags": [],
    "prefer-stable": false,
    "prefer-lowest": false,
    "platform": [],
    "platform-dev": [],
    "plugin-api-version": "2.1.0"
}
